// !$*UTF8*$!
{
	archiveVersion = 1;
	classes = {
	};
	objectVersion = 55;
	objects = {

/* Begin PBXBuildFile section */
		8394A267290F79B400A1740E /* personajesDetail.swift in Sources */ = {isa = PBXBuildFile; fileRef = 8394A266290F79B400A1740E /* personajesDetail.swift */; };
		8394CA1A290C8FAB00CD890E /* AppDelegate.swift in Sources */ = {isa = PBXBuildFile; fileRef = 8394CA19290C8FAB00CD890E /* AppDelegate.swift */; };
		8394CA1C290C8FAB00CD890E /* SceneDelegate.swift in Sources */ = {isa = PBXBuildFile; fileRef = 8394CA1B290C8FAB00CD890E /* SceneDelegate.swift */; };
		8394CA21290C8FAB00CD890E /* Main.storyboard in Resources */ = {isa = PBXBuildFile; fileRef = 8394CA1F290C8FAB00CD890E /* Main.storyboard */; };
		8394CA23290C8FB200CD890E /* Assets.xcassets in Resources */ = {isa = PBXBuildFile; fileRef = 8394CA22290C8FB200CD890E /* Assets.xcassets */; };
		8394CA26290C8FB200CD890E /* LaunchScreen.storyboard in Resources */ = {isa = PBXBuildFile; fileRef = 8394CA24290C8FB200CD890E /* LaunchScreen.storyboard */; };
		8394CA2F290C9B2500CD890E /* Network.framework in Frameworks */ = {isa = PBXBuildFile; fileRef = 8394CA2E290C9B2500CD890E /* Network.framework */; };
		8394CA31290CB79900CD890E /* WebKit.framework in Frameworks */ = {isa = PBXBuildFile; fileRef = 8394CA30290CB79900CD890E /* WebKit.framework */; };
		83B5B503290D7628003CA77A /* ejemplo.pdf in Resources */ = {isa = PBXBuildFile; fileRef = 83B5B502290D7628003CA77A /* ejemplo.pdf */; };
		83B5CE9B290D99D900FCDFD1 /* Personaje.swift in Sources */ = {isa = PBXBuildFile; fileRef = 83B5CE9A290D99D900FCDFD1 /* Personaje.swift */; };
		83B5CE9D290D9A1400FCDFD1 /* PersonajeDataManager.swift in Sources */ = {isa = PBXBuildFile; fileRef = 83B5CE9C290D9A1400FCDFD1 /* PersonajeDataManager.swift */; };
		83B5CE9F290D9C6E00FCDFD1 /* personjesMaster.swift in Sources */ = {isa = PBXBuildFile; fileRef = 83B5CE9E290D9C6E00FCDFD1 /* personjesMaster.swift */; };
		83B5CEA5290DB36B00FCDFD1 /* cell.swift in Sources */ = {isa = PBXBuildFile; fileRef = 83B5CEA4290DB36B00FCDFD1 /* cell.swift */; };
/* End PBXBuildFile section */

/* Begin PBXFileReference section */
		8394A266290F79B400A1740E /* personajesDetail.swift */ = {isa = PBXFileReference; lastKnownFileType = sourcecode.swift; path = personajesDetail.swift; sourceTree = "<group>"; };
		8394CA16290C8FAB00CD890E /* Internet.app */ = {isa = PBXFileReference; explicitFileType = wrapper.application; includeInIndex = 0; path = Internet.app; sourceTree = BUILT_PRODUCTS_DIR; };
		8394CA19290C8FAB00CD890E /* AppDelegate.swift */ = {isa = PBXFileReference; lastKnownFileType = sourcecode.swift; path = AppDelegate.swift; sourceTree = "<group>"; };
		8394CA1B290C8FAB00CD890E /* SceneDelegate.swift */ = {isa = PBXFileReference; lastKnownFileType = sourcecode.swift; path = SceneDelegate.swift; sourceTree = "<group>"; };
		8394CA20290C8FAB00CD890E /* Base */ = {isa = PBXFileReference; lastKnownFileType = file.storyboard; name = Base; path = Base.lproj/Main.storyboard; sourceTree = "<group>"; };
		8394CA22290C8FB200CD890E /* Assets.xcassets */ = {isa = PBXFileReference; lastKnownFileType = folder.assetcatalog; path = Assets.xcassets; sourceTree = "<group>"; };
		8394CA25290C8FB200CD890E /* Base */ = {isa = PBXFileReference; lastKnownFileType = file.storyboard; name = Base; path = Base.lproj/LaunchScreen.storyboard; sourceTree = "<group>"; };
		8394CA27290C8FB200CD890E /* Info.plist */ = {isa = PBXFileReference; lastKnownFileType = text.plist.xml; path = Info.plist; sourceTree = "<group>"; };
		8394CA2E290C9B2500CD890E /* Network.framework */ = {isa = PBXFileReference; lastKnownFileType = wrapper.framework; name = Network.framework; path = System/Library/Frameworks/Network.framework; sourceTree = SDKROOT; };
		8394CA30290CB79900CD890E /* WebKit.framework */ = {isa = PBXFileReference; lastKnownFileType = wrapper.framework; name = WebKit.framework; path = System/Library/Frameworks/WebKit.framework; sourceTree = SDKROOT; };
		83B5B502290D7628003CA77A /* ejemplo.pdf */ = {isa = PBXFileReference; lastKnownFileType = image.pdf; name = ejemplo.pdf; path = ../../../../../../Downloads/myTeam/ejemplo.pdf; sourceTree = "<group>"; };
		83B5CE9A290D99D900FCDFD1 /* Personaje.swift */ = {isa = PBXFileReference; lastKnownFileType = sourcecode.swift; path = Personaje.swift; sourceTree = "<group>"; };
		83B5CE9C290D9A1400FCDFD1 /* PersonajeDataManager.swift */ = {isa = PBXFileReference; lastKnownFileType = sourcecode.swift; path = PersonajeDataManager.swift; sourceTree = "<group>"; };
		83B5CE9E290D9C6E00FCDFD1 /* personjesMaster.swift */ = {isa = PBXFileReference; lastKnownFileType = sourcecode.swift; path = personjesMaster.swift; sourceTree = "<group>"; xcLanguageSpecificationIdentifier = xcode.lang.swift; };
		83B5CEA4290DB36B00FCDFD1 /* cell.swift */ = {isa = PBXFileReference; lastKnownFileType = sourcecode.swift; path = cell.swift; sourceTree = "<group>"; };
/* End PBXFileReference section */

/* Begin PBXFrameworksBuildPhase section */
		8394CA13290C8FAB00CD890E /* Frameworks */ = {
			isa = PBXFrameworksBuildPhase;
			buildActionMask = 2147483647;
			files = (
				8394CA31290CB79900CD890E /* WebKit.framework in Frameworks */,
				8394CA2F290C9B2500CD890E /* Network.framework in Frameworks */,
			);
			runOnlyForDeploymentPostprocessing = 0;
		};
/* End PBXFrameworksBuildPhase section */

/* Begin PBXGroup section */
		8394CA0D290C8FAB00CD890E = {
			isa = PBXGroup;
			children = (
				8394CA18290C8FAB00CD890E /* Internet */,
				8394CA17290C8FAB00CD890E /* Products */,
				8394CA2D290C9B2500CD890E /* Frameworks */,
			);
			sourceTree = "<group>";
		};
		8394CA17290C8FAB00CD890E /* Products */ = {
			isa = PBXGroup;
			children = (
				8394CA16290C8FAB00CD890E /* Internet.app */,
			);
			name = Products;
			sourceTree = "<group>";
		};
		8394CA18290C8FAB00CD890E /* Internet */ = {
			isa = PBXGroup;
			children = (
				83B5CE99290D99CA00FCDFD1 /* Model */,
				8394CA19290C8FAB00CD890E /* AppDelegate.swift */,
				8394CA1B290C8FAB00CD890E /* SceneDelegate.swift */,
				8394CA1F290C8FAB00CD890E /* Main.storyboard */,
				8394CA22290C8FB200CD890E /* Assets.xcassets */,
				83B5B502290D7628003CA77A /* ejemplo.pdf */,
				8394CA24290C8FB200CD890E /* LaunchScreen.storyboard */,
				8394CA27290C8FB200CD890E /* Info.plist */,
				83B5CE9E290D9C6E00FCDFD1 /* personjesMaster.swift */,
				83B5CEA4290DB36B00FCDFD1 /* cell.swift */,
				8394A266290F79B400A1740E /* personajesDetail.swift */,
			);
			path = Internet;
			sourceTree = "<group>";
		};
		8394CA2D290C9B2500CD890E /* Frameworks */ = {
			isa = PBXGroup;
			children = (
				8394CA30290CB79900CD890E /* WebKit.framework */,
				8394CA2E290C9B2500CD890E /* Network.framework */,
			);
			name = Frameworks;
			sourceTree = "<group>";
		};
		83B5CE99290D99CA00FCDFD1 /* Model */ = {
			isa = PBXGroup;
			children = (
				83B5CE9A290D99D900FCDFD1 /* Personaje.swift */,
				83B5CE9C290D9A1400FCDFD1 /* PersonajeDataManager.swift */,
			);
			path = Model;
			sourceTree = "<group>";
		};
/* End PBXGroup section */

/* Begin PBXNativeTarget section */
		8394CA15290C8FAB00CD890E /* Internet */ = {
			isa = PBXNativeTarget;
			buildConfigurationList = 8394CA2A290C8FB200CD890E /* Build configuration list for PBXNativeTarget "Internet" */;
			buildPhases = (
				8394CA12290C8FAB00CD890E /* Sources */,
				8394CA13290C8FAB00CD890E /* Frameworks */,
				8394CA14290C8FAB00CD890E /* Resources */,
			);
			buildRules = (
			);
			dependencies = (
			);
			name = Internet;
			productName = Internet;
			productReference = 8394CA16290C8FAB00CD890E /* Internet.app */;
			productType = "com.apple.product-type.application";
		};
/* End PBXNativeTarget section */

/* Begin PBXProject section */
		8394CA0E290C8FAB00CD890E /* Project object */ = {
			isa = PBXProject;
			attributes = {
				BuildIndependentTargetsInParallel = 1;
				LastSwiftUpdateCheck = 1340;
				LastUpgradeCheck = 1340;
				TargetAttributes = {
					8394CA15290C8FAB00CD890E = {
						CreatedOnToolsVersion = 13.4.1;
					};
				};
			};
			buildConfigurationList = 8394CA11290C8FAB00CD890E /* Build configuration list for PBXProject "Internet" */;
			compatibilityVersion = "Xcode 13.0";
			developmentRegion = en;
			hasScannedForEncodings = 0;
			knownRegions = (
				en,
				Base,
			);
			mainGroup = 8394CA0D290C8FAB00CD890E;
			productRefGroup = 8394CA17290C8FAB00CD890E /* Products */;
			projectDirPath = "";
			projectRoot = "";
			targets = (
				8394CA15290C8FAB00CD890E /* Internet */,
			);
		};
/* End PBXProject section */

/* Begin PBXResourcesBuildPhase section */
		8394CA14290C8FAB00CD890E /* Resources */ = {
			isa = PBXResourcesBuildPhase;
			buildActionMask = 2147483647;
			files = (
				8394CA26290C8FB200CD890E /* LaunchScreen.storyboard in Resources */,
				8394CA23290C8FB200CD890E /* Assets.xcassets in Resources */,
				8394CA21290C8FAB00CD890E /* Main.storyboard in Resources */,
				83B5B503290D7628003CA77A /* ejemplo.pdf in Resources */,
			);
			runOnlyForDeploymentPostprocessing = 0;
		};
/* End PBXResourcesBuildPhase section */

/* Begin PBXSourcesBuildPhase section */
		8394CA12290C8FAB00CD890E /* Sources */ = {
			isa = PBXSourcesBuildPhase;
			buildActionMask = 2147483647;
			files = (
				83B5CE9B290D99D900FCDFD1 /* Personaje.swift in Sources */,
				8394CA1A290C8FAB00CD890E /* AppDelegate.swift in Sources */,
				83B5CE9F290D9C6E00FCDFD1 /* personjesMaster.swift in Sources */,
				8394CA1C290C8FAB00CD890E /* SceneDelegate.swift in Sources */,
				83B5CEA5290DB36B00FCDFD1 /* cell.swift in Sources */,
				8394A267290F79B400A1740E /* personajesDetail.swift in Sources */,
				83B5CE9D290D9A1400FCDFD1 /* PersonajeDataManager.swift in Sources */,
			);
			runOnlyForDeploymentPostprocessing = 0;
		};
/* End PBXSourcesBuildPhase section */

/* Begin PBXVariantGroup section */
		8394CA1F290C8FAB00CD890E /* Main.storyboard */ = {
			isa = PBXVariantGroup;
			children = (
				8394CA20290C8FAB00CD890E /* Base */,
			);
			name = Main.storyboard;
			sourceTree = "<group>";
		};
		8394CA24290C8FB200CD890E /* LaunchScreen.storyboard */ = {
			isa = PBXVariantGroup;
			children = (
				8394CA25290C8FB200CD890E /* Base */,
			);
			name = LaunchScreen.storyboard;
			sourceTree = "<group>";
		};
/* End PBXVariantGroup section */

/* Begin XCBuildConfiguration section */
		8394CA28290C8FB200CD890E /* Debug */ = {
			isa = XCBuildConfiguration;
			buildSettings = {
				ALWAYS_SEARCH_USER_PATHS = NO;
				CLANG_ANALYZER_NONNULL = YES;
				CLANG_ANALYZER_NUMBER_OBJECT_CONVERSION = YES_AGGRESSIVE;
				CLANG_CXX_LANGUAGE_STANDARD = "gnu++17";
				CLANG_ENABLE_MODULES = YES;
				CLANG_ENABLE_OBJC_ARC = YES;
				CLANG_ENABLE_OBJC_WEAK = YES;
				CLANG_WARN_BLOCK_CAPTURE_AUTORELEASING = YES;
				CLANG_WARN_BOOL_CONVERSION = YES;
				CLANG_WARN_COMMA = YES;
				CLANG_WARN_CONSTANT_CONVERSION = YES;
				CLANG_WARN_DEPRECATED_OBJC_IMPLEMENTATIONS = YES;
				CLANG_WARN_DIRECT_OBJC_ISA_USAGE = YES_ERROR;
				CLANG_WARN_DOCUMENTATION_COMMENTS = YES;
				CLANG_WARN_EMPTY_BODY = YES;
				CLANG_WARN_ENUM_CONVERSION = YES;
				CLANG_WARN_INFINITE_RECURSION = YES;
				CLANG_WARN_INT_CONVERSION = YES;
				CLANG_WARN_NON_LITERAL_NULL_CONVERSION = YES;
				CLANG_WARN_OBJC_IMPLICIT_RETAIN_SELF = YES;
				CLANG_WARN_OBJC_LITERAL_CONVERSION = YES;
				CLANG_WARN_OBJC_ROOT_CLASS = YES_ERROR;
				CLANG_WARN_QUOTED_INCLUDE_IN_FRAMEWORK_HEADER = YES;
				CLANG_WARN_RANGE_LOOP_ANALYSIS = YES;
				CLANG_WARN_STRICT_PROTOTYPES = YES;
				CLANG_WARN_SUSPICIOUS_MOVE = YES;
				CLANG_WARN_UNGUARDED_AVAILABILITY = YES_AGGRESSIVE;
				CLANG_WARN_UNREACHABLE_CODE = YES;
				CLANG_WARN__DUPLICATE_METHOD_MATCH = YES;
				COPY_PHASE_STRIP = NO;
				DEBUG_INFORMATION_FORMAT = dwarf;
				ENABLE_STRICT_OBJC_MSGSEND = YES;
				ENABLE_TESTABILITY = YES;
				GCC_C_LANGUAGE_STANDARD = gnu11;
				GCC_DYNAMIC_NO_PIC = NO;
				GCC_NO_COMMON_BLOCKS = YES;
				GCC_OPTIMIZATION_LEVEL = 0;
				GCC_PREPROCESSOR_DEFINITIONS = (
					"DEBUG=1",
					"$(inherited)",
				);
				GCC_WARN_64_TO_32_BIT_CONVERSION = YES;
				GCC_WARN_ABOUT_RETURN_TYPE = YES_ERROR;
				GCC_WARN_UNDECLARED_SELECTOR = YES;
				GCC_WARN_UNINITIALIZED_AUTOS = YES_AGGRESSIVE;
				GCC_WARN_UNUSED_FUNCTION = YES;
				GCC_WARN_UNUSED_VARIABLE = YES;
				IPHONEOS_DEPLOYMENT_TARGET = 15.5;
				MTL_ENABLE_DEBUG_INFO = INCLUDE_SOURCE;
				MTL_FAST_MATH = YES;
				ONLY_ACTIVE_ARCH = YES;
				SDKROOT = iphoneos;
				SWIFT_ACTIVE_COMPILATION_CONDITIONS = DEBUG;
				SWIFT_OPTIMIZATION_LEVEL = "-Onone";
			};
			name = Debug;
		};
		8394CA29290C8FB200CD890E /* Release */ = {
			isa = XCBuildConfiguration;
			buildSettings = {
				ALWAYS_SEARCH_USER_PATHS = NO;
				CLANG_ANALYZER_NONNULL = YES;
				CLANG_ANALYZER_NUMBER_OBJECT_CONVERSION = YES_AGGRESSIVE;
				CLANG_CXX_LANGUAGE_STANDARD = "gnu++17";
				CLANG_ENABLE_MODULES = YES;
				CLANG_ENABLE_OBJC_ARC = YES;
				CLANG_ENABLE_OBJC_WEAK = YES;
				CLANG_WARN_BLOCK_CAPTURE_AUTORELEASING = YES;
				CLANG_WARN_BOOL_CONVERSION = YES;
				CLANG_WARN_COMMA = YES;
				CLANG_WARN_CONSTANT_CONVERSION = YES;
				CLANG_WARN_DEPRECATED_OBJC_IMPLEMENTATIONS = YES;
				CLANG_WARN_DIRECT_OBJC_ISA_USAGE = YES_ERROR;
				CLANG_WARN_DOCUMENTATION_COMMENTS = YES;
				CLANG_WARN_EMPTY_BODY = YES;
				CLANG_WARN_ENUM_CONVERSION = YES;
				CLANG_WARN_INFINITE_RECURSION = YES;
				CLANG_WARN_INT_CONVERSION = YES;
				CLANG_WARN_NON_LITERAL_NULL_CONVERSION = YES;
				CLANG_WARN_OBJC_IMPLICIT_RETAIN_SELF = YES;
				CLANG_WARN_OBJC_LITERAL_CONVERSION = YES;
				CLANG_WARN_OBJC_ROOT_CLASS = YES_ERROR;
				CLANG_WARN_QUOTED_INCLUDE_IN_FRAMEWORK_HEADER = YES;
				CLANG_WARN_RANGE_LOOP_ANALYSIS = YES;
				CLANG_WARN_STRICT_PROTOTYPES = YES;
				CLANG_WARN_SUSPICIOUS_MOVE = YES;
				CLANG_WARN_UNGUARDED_AVAILABILITY = YES_AGGRESSIVE;
				CLANG_WARN_UNREACHABLE_CODE = YES;
				CLANG_WARN__DUPLICATE_METHOD_MATCH = YES;
				COPY_PHASE_STRIP = NO;
				DEBUG_INFORMATION_FORMAT = "dwarf-with-dsym";
				ENABLE_NS_ASSERTIONS = NO;
				ENABLE_STRICT_OBJC_MSGSEND = YES;
				GCC_C_LANGUAGE_STANDARD = gnu11;
				GCC_NO_COMMON_BLOCKS = YES;
				GCC_WARN_64_TO_32_BIT_CONVERSION = YES;
				GCC_WARN_ABOUT_RETURN_TYPE = YES_ERROR;
				GCC_WARN_UNDECLARED_SELECTOR = YES;
				GCC_WARN_UNINITIALIZED_AUTOS = YES_AGGRESSIVE;
				GCC_WARN_UNUSED_FUNCTION = YES;
				GCC_WARN_UNUSED_VARIABLE = YES;
				IPHONEOS_DEPLOYMENT_TARGET = 15.5;
				MTL_ENABLE_DEBUG_INFO = NO;
				MTL_FAST_MATH = YES;
				SDKROOT = iphoneos;
				SWIFT_COMPILATION_MODE = wholemodule;
				SWIFT_OPTIMIZATION_LEVEL = "-O";
				VALIDATE_PRODUCT = YES;
			};
			name = Release;
		};
		8394CA2B290C8FB200CD890E /* Debug */ = {
			isa = XCBuildConfiguration;
			buildSettings = {
				ASSETCATALOG_COMPILER_APPICON_NAME = AppIcon;
				ASSETCATALOG_COMPILER_GLOBAL_ACCENT_COLOR_NAME = AccentColor;
				CODE_SIGN_STYLE = Automatic;
				CURRENT_PROJECT_VERSION = 1;
				DEVELOPMENT_TEAM = 7V26NB3D3P;
				GENERATE_INFOPLIST_FILE = YES;
				INFOPLIST_FILE = Internet/Info.plist;
				INFOPLIST_KEY_UIApplicationSupportsIndirectInputEvents = YES;
				INFOPLIST_KEY_UILaunchStoryboardName = LaunchScreen;
				INFOPLIST_KEY_UIMainStoryboardFile = Main;
				INFOPLIST_KEY_UISupportedInterfaceOrientations = "UIInterfaceOrientationPortrait UIInterfaceOrientationPortraitUpsideDown UIInterfaceOrientationLandscapeLeft UIInterfaceOrientationLandscapeRight";
				INFOPLIST_KEY_UISupportedInterfaceOrientations_iPad = "UIInterfaceOrientationPortrait UIInterfaceOrientationPortraitUpsideDown UIInterfaceOrientationLandscapeLeft UIInterfaceOrientationLandscapeRight";
				INFOPLIST_KEY_UISupportedInterfaceOrientations_iPhone = "UIInterfaceOrientationPortrait UIInterfaceOrientationLandscapeLeft UIInterfaceOrientationLandscapeRight";
				LD_RUNPATH_SEARCH_PATHS = (
					"$(inherited)",
					"@executable_path/Frameworks",
				);
				MARKETING_VERSION = 1.0;
				PRODUCT_BUNDLE_IDENTIFIER = mx.pinon.rodrigo.Internet;
				PRODUCT_NAME = "$(TARGET_NAME)";
				SWIFT_EMIT_LOC_STRINGS = YES;
				SWIFT_VERSION = 5.0;
				TARGETED_DEVICE_FAMILY = "1,2";
			};
			name = Debug;
		};
		8394CA2C290C8FB200CD890E /* Release */ = {
			isa = XCBuildConfiguration;
			buildSettings = {
				ASSETCATALOG_COMPILER_APPICON_NAME = AppIcon;
				ASSETCATALOG_COMPILER_GLOBAL_ACCENT_COLOR_NAME = AccentColor;
				CODE_SIGN_STYLE = Automatic;
				CURRENT_PROJECT_VERSION = 1;
				DEVELOPMENT_TEAM = 7V26NB3D3P;
				GENERATE_INFOPLIST_FILE = YES;
				INFOPLIST_FILE = Internet/Info.plist;
				INFOPLIST_KEY_UIApplicationSupportsIndirectInputEvents = YES;
				INFOPLIST_KEY_UILaunchStoryboardName = LaunchScreen;
				INFOPLIST_KEY_UIMainStoryboardFile = Main;
				INFOPLIST_KEY_UISupportedInterfaceOrientations = "UIInterfaceOrientationPortrait UIInterfaceOrientationPortraitUpsideDown UIInterfaceOrientationLandscapeLeft UIInterfaceOrientationLandscapeRight";
				INFOPLIST_KEY_UISupportedInterfaceOrientations_iPad = "UIInterfaceOrientationPortrait UIInterfaceOrientationPortraitUpsideDown UIInterfaceOrientationLandscapeLeft UIInterfaceOrientationLandscapeRight";
				INFOPLIST_KEY_UISupportedInterfaceOrientations_iPhone = "UIInterfaceOrientationPortrait UIInterfaceOrientationLandscapeLeft UIInterfaceOrientationLandscapeRight";
				LD_RUNPATH_SEARCH_PATHS = (
					"$(inherited)",
					"@executable_path/Frameworks",
				);
				MARKETING_VERSION = 1.0;
				PRODUCT_BUNDLE_IDENTIFIER = mx.pinon.rodrigo.Internet;
				PRODUCT_NAME = "$(TARGET_NAME)";
				SWIFT_EMIT_LOC_STRINGS = YES;
				SWIFT_VERSION = 5.0;
				TARGETED_DEVICE_FAMILY = "1,2";
			};
			name = Release;
		};
/* End XCBuildConfiguration section */

/* Begin XCConfigurationList section */
		8394CA11290C8FAB00CD890E /* Build configuration list for PBXProject "Internet" */ = {
			isa = XCConfigurationList;
			buildConfigurations = (
				8394CA28290C8FB200CD890E /* Debug */,
				8394CA29290C8FB200CD890E /* Release */,
			);
			defaultConfigurationIsVisible = 0;
			defaultConfigurationName = Release;
		};
		8394CA2A290C8FB200CD890E /* Build configuration list for PBXNativeTarget "Internet" */ = {
			isa = XCConfigurationList;
			buildConfigurations = (
				8394CA2B290C8FB200CD890E /* Debug */,
				8394CA2C290C8FB200CD890E /* Release */,
			);
			defaultConfigurationIsVisible = 0;
			defaultConfigurationName = Release;
		};
/* End XCConfigurationList section */
	};
	rootObject = 8394CA0E290C8FAB00CD890E /* Project object */;
}
